
Microsoft Visual Studio Solution File, Format Version 12.00
# Visual Studio 15
VisualStudioVersion = 15.0.26228.12
MinimumVisualStudioVersion = 10.0.40219.1
Project("{8BC9CEB8-8B4A-11D0-8D11-00A0C91BC942}") = "Server", "Server\Server.vcxproj", "{D15ACC45-F62E-480E-8AC4-42606179FFD8}"
EndProject
Global
	GlobalSection(SolutionConfigurationPlatforms) = preSolution
		Debug|ARM = Debug|ARM
		Debug|x64 = Debug|x64
		Debug|x86 = Debug|x86
		Release|ARM = Release|ARM
		Release|x64 = Release|x64
		Release|x86 = Release|x86
	EndGlobalSection
	GlobalSection(ProjectConfigurationPlatforms) = postSolution
		{D15ACC45-F62E-480E-8AC4-42606179FFD8}.Debug|ARM.ActiveCfg = Debug|ARM
		{D15ACC45-F62E-480E-8AC4-42606179FFD8}.Debug|ARM.Build.0 = Debug|ARM
		{D15ACC45-F62E-480E-8AC4-42606179FFD8}.Debug|x64.ActiveCfg = Debug|x64
		{D15ACC45-F62E-480E-8AC4-42606179FFD8}.Debug|x64.Build.0 = Debug|x64
		{D15ACC45-F62E-480E-8AC4-42606179FFD8}.Debug|x86.ActiveCfg = Debug|x86
		{D15ACC45-F62E-480E-8AC4-42606179FFD8}.Debug|x86.Build.0 = Debug|x86
		{D15ACC45-F62E-480E-8AC4-42606179FFD8}.Release|ARM.ActiveCfg = Release|ARM
		{D15ACC45-F62E-480E-8AC4-42606179FFD8}.Release|ARM.Build.0 = Release|ARM
		{D15ACC45-F62E-480E-8AC4-42606179FFD8}.Release|x64.ActiveCfg = Release|x64
		{D15ACC45-F62E-480E-8AC4-42606179FFD8}.Release|x64.Build.0 = Release|x64
		{D15ACC45-F62E-480E-8AC4-42606179FFD8}.Release|x86.ActiveCfg = Release|x86
		{D15ACC45-F62E-480E-8AC4-42606179FFD8}.Release|x86.Build.0 = Release|x86
	EndGlobalSection
	GlobalSection(SolutionProperties) = preSolution
		HideSolutionNode = FALSE
	EndGlobalSection
EndGlobal
